// !$*UTF8*$!
{
	archiveVersion = 1;
	classes = {
	};
	objectVersion = 50;
	objects = {

/* Begin PBXBuildFile section */
		D728A8DC2147F8790073301C /* AppDelegate.m in Sources */ = {isa = PBXBuildFile; fileRef = D728A8DB2147F8790073301C /* AppDelegate.m */; };
		D728A8E22147F8790073301C /* Main.storyboard in Resources */ = {isa = PBXBuildFile; fileRef = D728A8E02147F8790073301C /* Main.storyboard */; };
		D728A8E42147F87B0073301C /* Assets.xcassets in Resources */ = {isa = PBXBuildFile; fileRef = D728A8E32147F87B0073301C /* Assets.xcassets */; };
		D728A8E72147F87B0073301C /* LaunchScreen.storyboard in Resources */ = {isa = PBXBuildFile; fileRef = D728A8E52147F87B0073301C /* LaunchScreen.storyboard */; };
		D728A8EA2147F87B0073301C /* main.m in Sources */ = {isa = PBXBuildFile; fileRef = D728A8E92147F87B0073301C /* main.m */; };
		D728A8F72147F8FB0073301C /* JGCard.m in Sources */ = {isa = PBXBuildFile; fileRef = D728A8F62147F8FB0073301C /* JGCard.m */; };
		D728A8FA2147F9050073301C /* JGCardController.m in Sources */ = {isa = PBXBuildFile; fileRef = D728A8F92147F9050073301C /* JGCardController.m */; };
		D728A8FD2147FAEE0073301C /* JGDrawCardViewController.m in Sources */ = {isa = PBXBuildFile; fileRef = D728A8FC2147FAEE0073301C /* JGDrawCardViewController.m */; };
		D728A95421486E990073301C /* JGCardCollectionViewCell.m in Sources */ = {isa = PBXBuildFile; fileRef = D728A95321486E990073301C /* JGCardCollectionViewCell.m */; };
/* End PBXBuildFile section */

/* Begin PBXFileReference section */
		D728A8D72147F8790073301C /* DeckOfOneCardObjectiveC.app */ = {isa = PBXFileReference; explicitFileType = wrapper.application; includeInIndex = 0; path = DeckOfOneCardObjectiveC.app; sourceTree = BUILT_PRODUCTS_DIR; };
		D728A8DA2147F8790073301C /* AppDelegate.h */ = {isa = PBXFileReference; lastKnownFileType = sourcecode.c.h; path = AppDelegate.h; sourceTree = "<group>"; };
		D728A8DB2147F8790073301C /* AppDelegate.m */ = {isa = PBXFileReference; lastKnownFileType = sourcecode.c.objc; path = AppDelegate.m; sourceTree = "<group>"; };
		D728A8E12147F8790073301C /* Base */ = {isa = PBXFileReference; lastKnownFileType = file.storyboard; name = Base; path = Base.lproj/Main.storyboard; sourceTree = "<group>"; };
		D728A8E32147F87B0073301C /* Assets.xcassets */ = {isa = PBXFileReference; lastKnownFileType = folder.assetcatalog; path = Assets.xcassets; sourceTree = "<group>"; };
		D728A8E62147F87B0073301C /* Base */ = {isa = PBXFileReference; lastKnownFileType = file.storyboard; name = Base; path = Base.lproj/LaunchScreen.storyboard; sourceTree = "<group>"; };
		D728A8E82147F87B0073301C /* Info.plist */ = {isa = PBXFileReference; lastKnownFileType = text.plist.xml; path = Info.plist; sourceTree = "<group>"; };
		D728A8E92147F87B0073301C /* main.m */ = {isa = PBXFileReference; lastKnownFileType = sourcecode.c.objc; path = main.m; sourceTree = "<group>"; };
		D728A8F52147F8FB0073301C /* JGCard.h */ = {isa = PBXFileReference; lastKnownFileType = sourcecode.c.h; path = JGCard.h; sourceTree = "<group>"; };
		D728A8F62147F8FB0073301C /* JGCard.m */ = {isa = PBXFileReference; lastKnownFileType = sourcecode.c.objc; path = JGCard.m; sourceTree = "<group>"; };
		D728A8F82147F9050073301C /* JGCardController.h */ = {isa = PBXFileReference; lastKnownFileType = sourcecode.c.h; path = JGCardController.h; sourceTree = "<group>"; };
		D728A8F92147F9050073301C /* JGCardController.m */ = {isa = PBXFileReference; lastKnownFileType = sourcecode.c.objc; path = JGCardController.m; sourceTree = "<group>"; };
		D728A8FB2147FAEE0073301C /* JGDrawCardViewController.h */ = {isa = PBXFileReference; lastKnownFileType = sourcecode.c.h; path = JGDrawCardViewController.h; sourceTree = "<group>"; };
		D728A8FC2147FAEE0073301C /* JGDrawCardViewController.m */ = {isa = PBXFileReference; lastKnownFileType = sourcecode.c.objc; path = JGDrawCardViewController.m; sourceTree = "<group>"; };
		D728A95221486E990073301C /* JGCardCollectionViewCell.h */ = {isa = PBXFileReference; lastKnownFileType = sourcecode.c.h; path = JGCardCollectionViewCell.h; sourceTree = "<group>"; };
		D728A95321486E990073301C /* JGCardCollectionViewCell.m */ = {isa = PBXFileReference; lastKnownFileType = sourcecode.c.objc; path = JGCardCollectionViewCell.m; sourceTree = "<group>"; };
/* End PBXFileReference section */

/* Begin PBXFrameworksBuildPhase section */
		D728A8D42147F8790073301C /* Frameworks */ = {
			isa = PBXFrameworksBuildPhase;
			buildActionMask = 2147483647;
			files = (
			);
			runOnlyForDeploymentPostprocessing = 0;
		};
/* End PBXFrameworksBuildPhase section */

/* Begin PBXGroup section */
		D728A8CE2147F8790073301C = {
			isa = PBXGroup;
			children = (
				D728A8D92147F8790073301C /* DeckOfOneCardObjectiveC */,
				D728A8D82147F8790073301C /* Products */,
			);
			sourceTree = "<group>";
		};
		D728A8D82147F8790073301C /* Products */ = {
			isa = PBXGroup;
			children = (
				D728A8D72147F8790073301C /* DeckOfOneCardObjectiveC.app */,
			);
			name = Products;
			sourceTree = "<group>";
		};
		D728A8D92147F8790073301C /* DeckOfOneCardObjectiveC */ = {
			isa = PBXGroup;
			children = (
				D728A8F42147F8D20073301C /* UI */,
				D728A8F12147F8C00073301C /* Model */,
				D728A8F32147F8C00073301C /* ModelController */,
				D728A95521486EA10073301C /* View */,
				D728A8F22147F8C00073301C /* ViewController */,
				D728A8F02147F8C00073301C /* Resources */,
			);
			path = DeckOfOneCardObjectiveC;
			sourceTree = "<group>";
		};
		D728A8F02147F8C00073301C /* Resources */ = {
			isa = PBXGroup;
			children = (
				D728A8DA2147F8790073301C /* AppDelegate.h */,
				D728A8DB2147F8790073301C /* AppDelegate.m */,
				D728A8E32147F87B0073301C /* Assets.xcassets */,
				D728A8E52147F87B0073301C /* LaunchScreen.storyboard */,
				D728A8E82147F87B0073301C /* Info.plist */,
				D728A8E92147F87B0073301C /* main.m */,
			);
			path = Resources;
			sourceTree = "<group>";
		};
		D728A8F12147F8C00073301C /* Model */ = {
			isa = PBXGroup;
			children = (
				D728A8F52147F8FB0073301C /* JGCard.h */,
				D728A8F62147F8FB0073301C /* JGCard.m */,
			);
			path = Model;
			sourceTree = "<group>";
		};
		D728A8F22147F8C00073301C /* ViewController */ = {
			isa = PBXGroup;
			children = (
				D728A8FB2147FAEE0073301C /* JGDrawCardViewController.h */,
				D728A8FC2147FAEE0073301C /* JGDrawCardViewController.m */,
			);
			path = ViewController;
			sourceTree = "<group>";
		};
		D728A8F32147F8C00073301C /* ModelController */ = {
			isa = PBXGroup;
			children = (
				D728A8F82147F9050073301C /* JGCardController.h */,
				D728A8F92147F9050073301C /* JGCardController.m */,
			);
			path = ModelController;
			sourceTree = "<group>";
		};
		D728A8F42147F8D20073301C /* UI */ = {
			isa = PBXGroup;
			children = (
				D728A8E02147F8790073301C /* Main.storyboard */,
			);
			path = UI;
			sourceTree = "<group>";
		};
		D728A95521486EA10073301C /* View */ = {
			isa = PBXGroup;
			children = (
				D728A95221486E990073301C /* JGCardCollectionViewCell.h */,
				D728A95321486E990073301C /* JGCardCollectionViewCell.m */,
			);
			path = View;
			sourceTree = "<group>";
		};
/* End PBXGroup section */

/* Begin PBXNativeTarget section */
		D728A8D62147F8790073301C /* DeckOfOneCardObjectiveC */ = {
			isa = PBXNativeTarget;
			buildConfigurationList = D728A8ED2147F87B0073301C /* Build configuration list for PBXNativeTarget "DeckOfOneCardObjectiveC" */;
			buildPhases = (
				D728A8D32147F8790073301C /* Sources */,
				D728A8D42147F8790073301C /* Frameworks */,
				D728A8D52147F8790073301C /* Resources */,
			);
			buildRules = (
			);
			dependencies = (
			);
			name = DeckOfOneCardObjectiveC;
			productName = DeckOfOneCardObjectiveC;
			productReference = D728A8D72147F8790073301C /* DeckOfOneCardObjectiveC.app */;
			productType = "com.apple.product-type.application";
		};
/* End PBXNativeTarget section */

/* Begin PBXProject section */
		D728A8CF2147F8790073301C /* Project object */ = {
			isa = PBXProject;
			attributes = {
				CLASSPREFIX = JG;
				LastUpgradeCheck = 0940;
				ORGANIZATIONNAME = "Jason Goodney";
				TargetAttributes = {
					D728A8D62147F8790073301C = {
						CreatedOnToolsVersion = 9.4.1;
					};
				};
			};
			buildConfigurationList = D728A8D22147F8790073301C /* Build configuration list for PBXProject "DeckOfOneCardObjectiveC" */;
			compatibilityVersion = "Xcode 9.3";
			developmentRegion = en;
			hasScannedForEncodings = 0;
			knownRegions = (
				en,
				Base,
			);
			mainGroup = D728A8CE2147F8790073301C;
			productRefGroup = D728A8D82147F8790073301C /* Products */;
			projectDirPath = "";
			projectRoot = "";
			targets = (
				D728A8D62147F8790073301C /* DeckOfOneCardObjectiveC */,
			);
		};
/* End PBXProject section */

/* Begin PBXResourcesBuildPhase section */
		D728A8D52147F8790073301C /* Resources */ = {
			isa = PBXResourcesBuildPhase;
			buildActionMask = 2147483647;
			files = (
				D728A8E72147F87B0073301C /* LaunchScreen.storyboard in Resources */,
				D728A8E42147F87B0073301C /* Assets.xcassets in Resources */,
				D728A8E22147F8790073301C /* Main.storyboard in Resources */,
			);
			runOnlyForDeploymentPostprocessing = 0;
		};
/* End PBXResourcesBuildPhase section */

/* Begin PBXSourcesBuildPhase section */
		D728A8D32147F8790073301C /* Sources */ = {
			isa = PBXSourcesBuildPhase;
			buildActionMask = 2147483647;
			files = (
				D728A8FA2147F9050073301C /* JGCardController.m in Sources */,
				D728A95421486E990073301C /* JGCardCollectionViewCell.m in Sources */,
				D728A8EA2147F87B0073301C /* main.m in Sources */,
				D728A8F72147F8FB0073301C /* JGCard.m in Sources */,
				D728A8FD2147FAEE0073301C /* JGDrawCardViewController.m in Sources */,
				D728A8DC2147F8790073301C /* AppDelegate.m in Sources */,
			);
			runOnlyForDeploymentPostprocessing = 0;
		};
/* End PBXSourcesBuildPhase section */

/* Begin PBXVariantGroup section */
		D728A8E02147F8790073301C /* Main.storyboard */ = {
			isa = PBXVariantGroup;
			children = (
				D728A8E12147F8790073301C /* Base */,
			);
			name = Main.storyboard;
			sourceTree = "<group>";
		};
		D728A8E52147F87B0073301C /* LaunchScreen.storyboard */ = {
			isa = PBXVariantGroup;
			children = (
				D728A8E62147F87B0073301C /* Base */,
			);
			name = LaunchScreen.storyboard;
			sourceTree = "<group>";
		};
/* End PBXVariantGroup section */

/* Begin XCBuildConfiguration section */
		D728A8EB2147F87B0073301C /* Debug */ = {
			isa = XCBuildConfiguration;
			buildSettings = {
				ALWAYS_SEARCH_USER_PATHS = NO;
				CLANG_ANALYZER_NONNULL = YES;
				CLANG_ANALYZER_NUMBER_OBJECT_CONVERSION = YES_AGGRESSIVE;
				CLANG_CXX_LANGUAGE_STANDARD = "gnu++14";
				CLANG_CXX_LIBRARY = "libc++";
				CLANG_ENABLE_MODULES = YES;
				CLANG_ENABLE_OBJC_ARC = YES;
				CLANG_ENABLE_OBJC_WEAK = YES;
				CLANG_WARN_BLOCK_CAPTURE_AUTORELEASING = YES;
				CLANG_WARN_BOOL_CONVERSION = YES;
				CLANG_WARN_COMMA = YES;
				CLANG_WARN_CONSTANT_CONVERSION = YES;
				CLANG_WARN_DEPRECATED_OBJC_IMPLEMENTATIONS = YES;
				CLANG_WARN_DIRECT_OBJC_ISA_USAGE = YES_ERROR;
				CLANG_WARN_DOCUMENTATION_COMMENTS = YES;
				CLANG_WARN_EMPTY_BODY = YES;
				CLANG_WARN_ENUM_CONVERSION = YES;
				CLANG_WARN_INFINITE_RECURSION = YES;
				CLANG_WARN_INT_CONVERSION = YES;
				CLANG_WARN_NON_LITERAL_NULL_CONVERSION = YES;
				CLANG_WARN_OBJC_IMPLICIT_RETAIN_SELF = YES;
				CLANG_WARN_OBJC_LITERAL_CONVERSION = YES;
				CLANG_WARN_OBJC_ROOT_CLASS = YES_ERROR;
				CLANG_WARN_RANGE_LOOP_ANALYSIS = YES;
				CLANG_WARN_STRICT_PROTOTYPES = YES;
				CLANG_WARN_SUSPICIOUS_MOVE = YES;
				CLANG_WARN_UNGUARDED_AVAILABILITY = YES_AGGRESSIVE;
				CLANG_WARN_UNREACHABLE_CODE = YES;
				CLANG_WARN__DUPLICATE_METHOD_MATCH = YES;
				CODE_SIGN_IDENTITY = "iPhone Developer";
				COPY_PHASE_STRIP = NO;
				DEBUG_INFORMATION_FORMAT = dwarf;
				ENABLE_STRICT_OBJC_MSGSEND = YES;
				ENABLE_TESTABILITY = YES;
				GCC_C_LANGUAGE_STANDARD = gnu11;
				GCC_DYNAMIC_NO_PIC = NO;
				GCC_NO_COMMON_BLOCKS = YES;
				GCC_OPTIMIZATION_LEVEL = 0;
				GCC_PREPROCESSOR_DEFINITIONS = (
					"DEBUG=1",
					"$(inherited)",
				);
				GCC_WARN_64_TO_32_BIT_CONVERSION = YES;
				GCC_WARN_ABOUT_RETURN_TYPE = YES_ERROR;
				GCC_WARN_UNDECLARED_SELECTOR = YES;
				GCC_WARN_UNINITIALIZED_AUTOS = YES_AGGRESSIVE;
				GCC_WARN_UNUSED_FUNCTION = YES;
				GCC_WARN_UNUSED_VARIABLE = YES;
				IPHONEOS_DEPLOYMENT_TARGET = 11.4;
				MTL_ENABLE_DEBUG_INFO = YES;
				ONLY_ACTIVE_ARCH = YES;
				SDKROOT = iphoneos;
			};
			name = Debug;
		};
		D728A8EC2147F87B0073301C /* Release */ = {
			isa = XCBuildConfiguration;
			buildSettings = {
				ALWAYS_SEARCH_USER_PATHS = NO;
				CLANG_ANALYZER_NONNULL = YES;
				CLANG_ANALYZER_NUMBER_OBJECT_CONVERSION = YES_AGGRESSIVE;
				CLANG_CXX_LANGUAGE_STANDARD = "gnu++14";
				CLANG_CXX_LIBRARY = "libc++";
				CLANG_ENABLE_MODULES = YES;
				CLANG_ENABLE_OBJC_ARC = YES;
				CLANG_ENABLE_OBJC_WEAK = YES;
				CLANG_WARN_BLOCK_CAPTURE_AUTORELEASING = YES;
				CLANG_WARN_BOOL_CONVERSION = YES;
				CLANG_WARN_COMMA = YES;
				CLANG_WARN_CONSTANT_CONVERSION = YES;
				CLANG_WARN_DEPRECATED_OBJC_IMPLEMENTATIONS = YES;
				CLANG_WARN_DIRECT_OBJC_ISA_USAGE = YES_ERROR;
				CLANG_WARN_DOCUMENTATION_COMMENTS = YES;
				CLANG_WARN_EMPTY_BODY = YES;
				CLANG_WARN_ENUM_CONVERSION = YES;
				CLANG_WARN_INFINITE_RECURSION = YES;
				CLANG_WARN_INT_CONVERSION = YES;
				CLANG_WARN_NON_LITERAL_NULL_CONVERSION = YES;
				CLANG_WARN_OBJC_IMPLICIT_RETAIN_SELF = YES;
				CLANG_WARN_OBJC_LITERAL_CONVERSION = YES;
				CLANG_WARN_OBJC_ROOT_CLASS = YES_ERROR;
				CLANG_WARN_RANGE_LOOP_ANALYSIS = YES;
				CLANG_WARN_STRICT_PROTOTYPES = YES;
				CLANG_WARN_SUSPICIOUS_MOVE = YES;
				CLANG_WARN_UNGUARDED_AVAILABILITY = YES_AGGRESSIVE;
				CLANG_WARN_UNREACHABLE_CODE = YES;
				CLANG_WARN__DUPLICATE_METHOD_MATCH = YES;
				CODE_SIGN_IDENTITY = "iPhone Developer";
				COPY_PHASE_STRIP = NO;
				DEBUG_INFORMATION_FORMAT = "dwarf-with-dsym";
				ENABLE_NS_ASSERTIONS = NO;
				ENABLE_STRICT_OBJC_MSGSEND = YES;
				GCC_C_LANGUAGE_STANDARD = gnu11;
				GCC_NO_COMMON_BLOCKS = YES;
				GCC_WARN_64_TO_32_BIT_CONVERSION = YES;
				GCC_WARN_ABOUT_RETURN_TYPE = YES_ERROR;
				GCC_WARN_UNDECLARED_SELECTOR = YES;
				GCC_WARN_UNINITIALIZED_AUTOS = YES_AGGRESSIVE;
				GCC_WARN_UNUSED_FUNCTION = YES;
				GCC_WARN_UNUSED_VARIABLE = YES;
				IPHONEOS_DEPLOYMENT_TARGET = 11.4;
				MTL_ENABLE_DEBUG_INFO = NO;
				SDKROOT = iphoneos;
				VALIDATE_PRODUCT = YES;
			};
			name = Release;
		};
		D728A8EE2147F87B0073301C /* Debug */ = {
			isa = XCBuildConfiguration;
			buildSettings = {
				ASSETCATALOG_COMPILER_APPICON_NAME = AppIcon;
				CODE_SIGN_STYLE = Automatic;
				DEVELOPMENT_TEAM = K2R548H5LT;
				INFOPLIST_FILE = "$(SRCROOT)/DeckOfOneCardObjectiveC/Resources/Info.plist";
				LD_RUNPATH_SEARCH_PATHS = (
					"$(inherited)",
					"@executable_path/Frameworks",
				);
				PRODUCT_BUNDLE_IDENTIFIER = com.jasongoodney.DeckOfOneCardObjectiveC;
				PRODUCT_NAME = "$(TARGET_NAME)";
				TARGETED_DEVICE_FAMILY = "1,2";
			};
			name = Debug;
		};
		D728A8EF2147F87B0073301C /* Release */ = {
			isa = XCBuildConfiguration;
			buildSettings = {
				ASSETCATALOG_COMPILER_APPICON_NAME = AppIcon;
				CODE_SIGN_STYLE = Automatic;
				DEVELOPMENT_TEAM = K2R548H5LT;
				INFOPLIST_FILE = "$(SRCROOT)/DeckOfOneCardObjectiveC/Resources/Info.plist";
				LD_RUNPATH_SEARCH_PATHS = (
					"$(inherited)",
					"@executable_path/Frameworks",
				);
				PRODUCT_BUNDLE_IDENTIFIER = com.jasongoodney.DeckOfOneCardObjectiveC;
				PRODUCT_NAME = "$(TARGET_NAME)";
				TARGETED_DEVICE_FAMILY = "1,2";
			};
			name = Release;
		};
/* End XCBuildConfiguration section */

/* Begin XCConfigurationList section */
		D728A8D22147F8790073301C /* Build configuration list for PBXProject "DeckOfOneCardObjectiveC" */ = {
			isa = XCConfigurationList;
			buildConfigurations = (
				D728A8EB2147F87B0073301C /* Debug */,
				D728A8EC2147F87B0073301C /* Release */,
			);
			defaultConfigurationIsVisible = 0;
			defaultConfigurationName = Release;
		};
		D728A8ED2147F87B0073301C /* Build configuration list for PBXNativeTarget "DeckOfOneCardObjectiveC" */ = {
			isa = XCConfigurationList;
			buildConfigurations = (
				D728A8EE2147F87B0073301C /* Debug */,
				D728A8EF2147F87B0073301C /* Release */,
			);
			defaultConfigurationIsVisible = 0;
			defaultConfigurationName = Release;
		};
/* End XCConfigurationList section */
	};
	rootObject = D728A8CF2147F8790073301C /* Project object */;
}
